// !$*UTF8*$!
{
	archiveVersion = 1;
	classes = {
	};
	objectVersion = 77;
	objects = {

/* Begin PBXBuildFile section */
		84C594ED2CBAAA300041706D /* FocusEntity in Frameworks */ = {isa = PBXBuildFile; productRef = 84C594EC2CBAAA300041706D /* FocusEntity */; };
/* End PBXBuildFile section */

/* Begin PBXContainerItemProxy section */
		8416E8F72CBA7C7800738818 /* PBXContainerItemProxy */ = {
			isa = PBXContainerItemProxy;
			containerPortal = 8416E8DE2CBA7C7600738818 /* Project object */;
			proxyType = 1;
			remoteGlobalIDString = 8416E8E52CBA7C7600738818;
			remoteInfo = VirtualHome;
		};
		8416E9012CBA7C7800738818 /* PBXContainerItemProxy */ = {
			isa = PBXContainerItemProxy;
			containerPortal = 8416E8DE2CBA7C7600738818 /* Project object */;
			proxyType = 1;
			remoteGlobalIDString = 8416E8E52CBA7C7600738818;
			remoteInfo = VirtualHome;
		};
/* End PBXContainerItemProxy section */

/* Begin PBXFileReference section */
		8416E8E62CBA7C7600738818 /* VirtualHome.app */ = {isa = PBXFileReference; explicitFileType = wrapper.application; includeInIndex = 0; path = VirtualHome.app; sourceTree = BUILT_PRODUCTS_DIR; };
		8416E8F62CBA7C7800738818 /* VirtualHomeTests.xctest */ = {isa = PBXFileReference; explicitFileType = wrapper.cfbundle; includeInIndex = 0; path = VirtualHomeTests.xctest; sourceTree = BUILT_PRODUCTS_DIR; };
		8416E9002CBA7C7800738818 /* VirtualHomeUITests.xctest */ = {isa = PBXFileReference; explicitFileType = wrapper.cfbundle; includeInIndex = 0; path = VirtualHomeUITests.xctest; sourceTree = BUILT_PRODUCTS_DIR; };
/* End PBXFileReference section */

/* Begin PBXFileSystemSynchronizedBuildFileExceptionSet section */
		8477CBAF2CD023F600728CA6 /* Exceptions for "VirtualHome" folder in "VirtualHome" target */ = {
			isa = PBXFileSystemSynchronizedBuildFileExceptionSet;
			membershipExceptions = (
				Info.plist,
			);
			target = 8416E8E52CBA7C7600738818 /* VirtualHome */;
		};
/* End PBXFileSystemSynchronizedBuildFileExceptionSet section */

/* Begin PBXFileSystemSynchronizedRootGroup section */
		8416E8E82CBA7C7600738818 /* VirtualHome */ = {
			isa = PBXFileSystemSynchronizedRootGroup;
			exceptions = (
				8477CBAF2CD023F600728CA6 /* Exceptions for "VirtualHome" folder in "VirtualHome" target */,
			);
			path = VirtualHome;
			sourceTree = "<group>";
		};
		8416E8F92CBA7C7800738818 /* VirtualHomeTests */ = {
			isa = PBXFileSystemSynchronizedRootGroup;
			path = VirtualHomeTests;
			sourceTree = "<group>";
		};
		8416E9032CBA7C7800738818 /* VirtualHomeUITests */ = {
			isa = PBXFileSystemSynchronizedRootGroup;
			path = VirtualHomeUITests;
			sourceTree = "<group>";
		};
/* End PBXFileSystemSynchronizedRootGroup section */

/* Begin PBXFrameworksBuildPhase section */
		8416E8E32CBA7C7600738818 /* Frameworks */ = {
			isa = PBXFrameworksBuildPhase;
			buildActionMask = 2147483647;
			files = (
				84C594ED2CBAAA300041706D /* FocusEntity in Frameworks */,
			);
			runOnlyForDeploymentPostprocessing = 0;
		};
		8416E8F32CBA7C7800738818 /* Frameworks */ = {
			isa = PBXFrameworksBuildPhase;
			buildActionMask = 2147483647;
			files = (
			);
			runOnlyForDeploymentPostprocessing = 0;
		};
		8416E8FD2CBA7C7800738818 /* Frameworks */ = {
			isa = PBXFrameworksBuildPhase;
			buildActionMask = 2147483647;
			files = (
			);
			runOnlyForDeploymentPostprocessing = 0;
		};
/* End PBXFrameworksBuildPhase section */

/* Begin PBXGroup section */
		8416E8DD2CBA7C7600738818 = {
			isa = PBXGroup;
			children = (
				8416E8E82CBA7C7600738818 /* VirtualHome */,
				8416E8F92CBA7C7800738818 /* VirtualHomeTests */,
				8416E9032CBA7C7800738818 /* VirtualHomeUITests */,
				8416E8E72CBA7C7600738818 /* Products */,
			);
			sourceTree = "<group>";
		};
		8416E8E72CBA7C7600738818 /* Products */ = {
			isa = PBXGroup;
			children = (
				8416E8E62CBA7C7600738818 /* VirtualHome.app */,
				8416E8F62CBA7C7800738818 /* VirtualHomeTests.xctest */,
				8416E9002CBA7C7800738818 /* VirtualHomeUITests.xctest */,
			);
			name = Products;
			sourceTree = "<group>";
		};
/* End PBXGroup section */

/* Begin PBXNativeTarget section */
		8416E8E52CBA7C7600738818 /* VirtualHome */ = {
			isa = PBXNativeTarget;
			buildConfigurationList = 8416E90A2CBA7C7800738818 /* Build configuration list for PBXNativeTarget "VirtualHome" */;
			buildPhases = (
				8416E8E22CBA7C7600738818 /* Sources */,
				8416E8E32CBA7C7600738818 /* Frameworks */,
				8416E8E42CBA7C7600738818 /* Resources */,
			);
			buildRules = (
			);
			dependencies = (
			);
			fileSystemSynchronizedGroups = (
				8416E8E82CBA7C7600738818 /* VirtualHome */,
			);
			name = VirtualHome;
			packageProductDependencies = (
				84C594EC2CBAAA300041706D /* FocusEntity */,
			);
			productName = VirtualHome;
			productReference = 8416E8E62CBA7C7600738818 /* VirtualHome.app */;
			productType = "com.apple.product-type.application";
		};
		8416E8F52CBA7C7800738818 /* VirtualHomeTests */ = {
			isa = PBXNativeTarget;
			buildConfigurationList = 8416E90D2CBA7C7800738818 /* Build configuration list for PBXNativeTarget "VirtualHomeTests" */;
			buildPhases = (
				8416E8F22CBA7C7800738818 /* Sources */,
				8416E8F32CBA7C7800738818 /* Frameworks */,
				8416E8F42CBA7C7800738818 /* Resources */,
			);
			buildRules = (
			);
			dependencies = (
				8416E8F82CBA7C7800738818 /* PBXTargetDependency */,
			);
			fileSystemSynchronizedGroups = (
				8416E8F92CBA7C7800738818 /* VirtualHomeTests */,
			);
			name = VirtualHomeTests;
			packageProductDependencies = (
			);
			productName = VirtualHomeTests;
			productReference = 8416E8F62CBA7C7800738818 /* VirtualHomeTests.xctest */;
			productType = "com.apple.product-type.bundle.unit-test";
		};
		8416E8FF2CBA7C7800738818 /* VirtualHomeUITests */ = {
			isa = PBXNativeTarget;
			buildConfigurationList = 8416E9102CBA7C7800738818 /* Build configuration list for PBXNativeTarget "VirtualHomeUITests" */;
			buildPhases = (
				8416E8FC2CBA7C7800738818 /* Sources */,
				8416E8FD2CBA7C7800738818 /* Frameworks */,
				8416E8FE2CBA7C7800738818 /* Resources */,
			);
			buildRules = (
			);
			dependencies = (
				8416E9022CBA7C7800738818 /* PBXTargetDependency */,
			);
			fileSystemSynchronizedGroups = (
				8416E9032CBA7C7800738818 /* VirtualHomeUITests */,
			);
			name = VirtualHomeUITests;
			packageProductDependencies = (
			);
			productName = VirtualHomeUITests;
			productReference = 8416E9002CBA7C7800738818 /* VirtualHomeUITests.xctest */;
			productType = "com.apple.product-type.bundle.ui-testing";
		};
/* End PBXNativeTarget section */

/* Begin PBXProject section */
		8416E8DE2CBA7C7600738818 /* Project object */ = {
			isa = PBXProject;
			attributes = {
				BuildIndependentTargetsInParallel = 1;
				LastSwiftUpdateCheck = 1600;
				LastUpgradeCheck = 1600;
				TargetAttributes = {
					8416E8E52CBA7C7600738818 = {
						CreatedOnToolsVersion = 16.0;
					};
					8416E8F52CBA7C7800738818 = {
						CreatedOnToolsVersion = 16.0;
						TestTargetID = 8416E8E52CBA7C7600738818;
					};
					8416E8FF2CBA7C7800738818 = {
						CreatedOnToolsVersion = 16.0;
						TestTargetID = 8416E8E52CBA7C7600738818;
					};
				};
			};
			buildConfigurationList = 8416E8E12CBA7C7600738818 /* Build configuration list for PBXProject "VirtualHome" */;
			developmentRegion = en;
			hasScannedForEncodings = 0;
			knownRegions = (
				en,
				Base,
			);
			mainGroup = 8416E8DD2CBA7C7600738818;
			minimizedProjectReferenceProxies = 1;
			packageReferences = (
				84C594EB2CBAAA300041706D /* XCRemoteSwiftPackageReference "FocusEntity" */,
			);
			preferredProjectObjectVersion = 77;
			productRefGroup = 8416E8E72CBA7C7600738818 /* Products */;
			projectDirPath = "";
			projectRoot = "";
			targets = (
				8416E8E52CBA7C7600738818 /* VirtualHome */,
				8416E8F52CBA7C7800738818 /* VirtualHomeTests */,
				8416E8FF2CBA7C7800738818 /* VirtualHomeUITests */,
			);
		};
/* End PBXProject section */

/* Begin PBXResourcesBuildPhase section */
		8416E8E42CBA7C7600738818 /* Resources */ = {
			isa = PBXResourcesBuildPhase;
			buildActionMask = 2147483647;
			files = (
			);
			runOnlyForDeploymentPostprocessing = 0;
		};
		8416E8F42CBA7C7800738818 /* Resources */ = {
			isa = PBXResourcesBuildPhase;
			buildActionMask = 2147483647;
			files = (
			);
			runOnlyForDeploymentPostprocessing = 0;
		};
		8416E8FE2CBA7C7800738818 /* Resources */ = {
			isa = PBXResourcesBuildPhase;
			buildActionMask = 2147483647;
			files = (
			);
			runOnlyForDeploymentPostprocessing = 0;
		};
/* End PBXResourcesBuildPhase section */

/* Begin PBXSourcesBuildPhase section */
		8416E8E22CBA7C7600738818 /* Sources */ = {
			isa = PBXSourcesBuildPhase;
			buildActionMask = 2147483647;
			files = (
			);
			runOnlyForDeploymentPostprocessing = 0;
		};
		8416E8F22CBA7C7800738818 /* Sources */ = {
			isa = PBXSourcesBuildPhase;
			buildActionMask = 2147483647;
			files = (
			);
			runOnlyForDeploymentPostprocessing = 0;
		};
		8416E8FC2CBA7C7800738818 /* Sources */ = {
			isa = PBXSourcesBuildPhase;
			buildActionMask = 2147483647;
			files = (
			);
			runOnlyForDeploymentPostprocessing = 0;
		};
/* End PBXSourcesBuildPhase section */

/* Begin PBXTargetDependency section */
		8416E8F82CBA7C7800738818 /* PBXTargetDependency */ = {
			isa = PBXTargetDependency;
			target = 8416E8E52CBA7C7600738818 /* VirtualHome */;
			targetProxy = 8416E8F72CBA7C7800738818 /* PBXContainerItemProxy */;
		};
		8416E9022CBA7C7800738818 /* PBXTargetDependency */ = {
			isa = PBXTargetDependency;
			target = 8416E8E52CBA7C7600738818 /* VirtualHome */;
			targetProxy = 8416E9012CBA7C7800738818 /* PBXContainerItemProxy */;
		};
/* End PBXTargetDependency section */

/* Begin XCBuildConfiguration section */
		8416E9082CBA7C7800738818 /* Debug */ = {
			isa = XCBuildConfiguration;
			buildSettings = {
				ALWAYS_SEARCH_USER_PATHS = NO;
				ASSETCATALOG_COMPILER_GENERATE_SWIFT_ASSET_SYMBOL_EXTENSIONS = YES;
				CLANG_ANALYZER_NONNULL = YES;
				CLANG_ANALYZER_NUMBER_OBJECT_CONVERSION = YES_AGGRESSIVE;
				CLANG_CXX_LANGUAGE_STANDARD = "gnu++20";
				CLANG_ENABLE_MODULES = YES;
				CLANG_ENABLE_OBJC_ARC = YES;
				CLANG_ENABLE_OBJC_WEAK = YES;
				CLANG_WARN_BLOCK_CAPTURE_AUTORELEASING = YES;
				CLANG_WARN_BOOL_CONVERSION = YES;
				CLANG_WARN_COMMA = YES;
				CLANG_WARN_CONSTANT_CONVERSION = YES;
				CLANG_WARN_DEPRECATED_OBJC_IMPLEMENTATIONS = YES;
				CLANG_WARN_DIRECT_OBJC_ISA_USAGE = YES_ERROR;
				CLANG_WARN_DOCUMENTATION_COMMENTS = YES;
				CLANG_WARN_EMPTY_BODY = YES;
				CLANG_WARN_ENUM_CONVERSION = YES;
				CLANG_WARN_INFINITE_RECURSION = YES;
				CLANG_WARN_INT_CONVERSION = YES;
				CLANG_WARN_NON_LITERAL_NULL_CONVERSION = YES;
				CLANG_WARN_OBJC_IMPLICIT_RETAIN_SELF = YES;
				CLANG_WARN_OBJC_LITERAL_CONVERSION = YES;
				CLANG_WARN_OBJC_ROOT_CLASS = YES_ERROR;
				CLANG_WARN_QUOTED_INCLUDE_IN_FRAMEWORK_HEADER = YES;
				CLANG_WARN_RANGE_LOOP_ANALYSIS = YES;
				CLANG_WARN_STRICT_PROTOTYPES = YES;
				CLANG_WARN_SUSPICIOUS_MOVE = YES;
				CLANG_WARN_UNGUARDED_AVAILABILITY = YES_AGGRESSIVE;
				CLANG_WARN_UNREACHABLE_CODE = YES;
				CLANG_WARN__DUPLICATE_METHOD_MATCH = YES;
				COPY_PHASE_STRIP = NO;
				DEBUG_INFORMATION_FORMAT = dwarf;
				ENABLE_STRICT_OBJC_MSGSEND = YES;
				ENABLE_TESTABILITY = YES;
				ENABLE_USER_SCRIPT_SANDBOXING = YES;
				GCC_C_LANGUAGE_STANDARD = gnu17;
				GCC_DYNAMIC_NO_PIC = NO;
				GCC_NO_COMMON_BLOCKS = YES;
				GCC_OPTIMIZATION_LEVEL = 0;
				GCC_PREPROCESSOR_DEFINITIONS = (
					"DEBUG=1",
					"$(inherited)",
				);
				GCC_WARN_64_TO_32_BIT_CONVERSION = YES;
				GCC_WARN_ABOUT_RETURN_TYPE = YES_ERROR;
				GCC_WARN_UNDECLARED_SELECTOR = YES;
				GCC_WARN_UNINITIALIZED_AUTOS = YES_AGGRESSIVE;
				GCC_WARN_UNUSED_FUNCTION = YES;
				GCC_WARN_UNUSED_VARIABLE = YES;
				IPHONEOS_DEPLOYMENT_TARGET = 18.0;
				LOCALIZATION_PREFERS_STRING_CATALOGS = YES;
				MTL_ENABLE_DEBUG_INFO = INCLUDE_SOURCE;
				MTL_FAST_MATH = YES;
				ONLY_ACTIVE_ARCH = YES;
				SDKROOT = iphoneos;
				SWIFT_ACTIVE_COMPILATION_CONDITIONS = "DEBUG $(inherited)";
				SWIFT_OPTIMIZATION_LEVEL = "-Onone";
			};
			name = Debug;
		};
		8416E9092CBA7C7800738818 /* Release */ = {
			isa = XCBuildConfiguration;
			buildSettings = {
				ALWAYS_SEARCH_USER_PATHS = NO;
				ASSETCATALOG_COMPILER_GENERATE_SWIFT_ASSET_SYMBOL_EXTENSIONS = YES;
				CLANG_ANALYZER_NONNULL = YES;
				CLANG_ANALYZER_NUMBER_OBJECT_CONVERSION = YES_AGGRESSIVE;
				CLANG_CXX_LANGUAGE_STANDARD = "gnu++20";
				CLANG_ENABLE_MODULES = YES;
				CLANG_ENABLE_OBJC_ARC = YES;
				CLANG_ENABLE_OBJC_WEAK = YES;
				CLANG_WARN_BLOCK_CAPTURE_AUTORELEASING = YES;
				CLANG_WARN_BOOL_CONVERSION = YES;
				CLANG_WARN_COMMA = YES;
				CLANG_WARN_CONSTANT_CONVERSION = YES;
				CLANG_WARN_DEPRECATED_OBJC_IMPLEMENTATIONS = YES;
				CLANG_WARN_DIRECT_OBJC_ISA_USAGE = YES_ERROR;
				CLANG_WARN_DOCUMENTATION_COMMENTS = YES;
				CLANG_WARN_EMPTY_BODY = YES;
				CLANG_WARN_ENUM_CONVERSION = YES;
				CLANG_WARN_INFINITE_RECURSION = YES;
				CLANG_WARN_INT_CONVERSION = YES;
				CLANG_WARN_NON_LITERAL_NULL_CONVERSION = YES;
				CLANG_WARN_OBJC_IMPLICIT_RETAIN_SELF = YES;
				CLANG_WARN_OBJC_LITERAL_CONVERSION = YES;
				CLANG_WARN_OBJC_ROOT_CLASS = YES_ERROR;
				CLANG_WARN_QUOTED_INCLUDE_IN_FRAMEWORK_HEADER = YES;
				CLANG_WARN_RANGE_LOOP_ANALYSIS = YES;
				CLANG_WARN_STRICT_PROTOTYPES = YES;
				CLANG_WARN_SUSPICIOUS_MOVE = YES;
				CLANG_WARN_UNGUARDED_AVAILABILITY = YES_AGGRESSIVE;
				CLANG_WARN_UNREACHABLE_CODE = YES;
				CLANG_WARN__DUPLICATE_METHOD_MATCH = YES;
				COPY_PHASE_STRIP = NO;
				DEBUG_INFORMATION_FORMAT = "dwarf-with-dsym";
				ENABLE_NS_ASSERTIONS = NO;
				ENABLE_STRICT_OBJC_MSGSEND = YES;
				ENABLE_USER_SCRIPT_SANDBOXING = YES;
				GCC_C_LANGUAGE_STANDARD = gnu17;
				GCC_NO_COMMON_BLOCKS = YES;
				GCC_WARN_64_TO_32_BIT_CONVERSION = YES;
				GCC_WARN_ABOUT_RETURN_TYPE = YES_ERROR;
				GCC_WARN_UNDECLARED_SELECTOR = YES;
				GCC_WARN_UNINITIALIZED_AUTOS = YES_AGGRESSIVE;
				GCC_WARN_UNUSED_FUNCTION = YES;
				GCC_WARN_UNUSED_VARIABLE = YES;
				IPHONEOS_DEPLOYMENT_TARGET = 18.0;
				LOCALIZATION_PREFERS_STRING_CATALOGS = YES;
				MTL_ENABLE_DEBUG_INFO = NO;
				MTL_FAST_MATH = YES;
				SDKROOT = iphoneos;
				SWIFT_COMPILATION_MODE = wholemodule;
				VALIDATE_PRODUCT = YES;
			};
			name = Release;
		};
		8416E90B2CBA7C7800738818 /* Debug */ = {
			isa = XCBuildConfiguration;
			buildSettings = {
				ASSETCATALOG_COMPILER_APPICON_NAME = AppIcon;
				ASSETCATALOG_COMPILER_GLOBAL_ACCENT_COLOR_NAME = AccentColor;
				CODE_SIGN_STYLE = Automatic;
				CURRENT_PROJECT_VERSION = 1;
				DEVELOPMENT_ASSET_PATHS = "\"VirtualHome/Preview Content\"";
				DEVELOPMENT_TEAM = 6UV938CGZH;
				ENABLE_PREVIEWS = YES;
				GENERATE_INFOPLIST_FILE = YES;
				INFOPLIST_FILE = VirtualHome/Info.plist;
				INFOPLIST_KEY_NSCameraUsageDescription = "To use AR, this app needs access to your camera.";
				INFOPLIST_KEY_NSPhotoLibraryUsageDescription = "";
				INFOPLIST_KEY_UIApplicationSceneManifest_Generation = YES;
				INFOPLIST_KEY_UIApplicationSupportsIndirectInputEvents = YES;
				INFOPLIST_KEY_UILaunchScreen_Generation = YES;
				INFOPLIST_KEY_UIRequiredDeviceCapabilities = arkit;
				INFOPLIST_KEY_UISupportedInterfaceOrientations = UIInterfaceOrientationPortrait;
				IPHONEOS_DEPLOYMENT_TARGET = 17.6;
				LD_RUNPATH_SEARCH_PATHS = (
					"$(inherited)",
					"@executable_path/Frameworks",
				);
				MARKETING_VERSION = 1.0;
				PRODUCT_BUNDLE_IDENTIFIER = ru.vasilev.VirtualHome;
				PRODUCT_NAME = "$(TARGET_NAME)";
				SWIFT_EMIT_LOC_STRINGS = YES;
				SWIFT_VERSION = 5.0;
				TARGETED_DEVICE_FAMILY = "1,2";
			};
			name = Debug;
		};
		8416E90C2CBA7C7800738818 /* Release */ = {
			isa = XCBuildConfiguration;
			buildSettings = {
				ASSETCATALOG_COMPILER_APPICON_NAME = AppIcon;
				ASSETCATALOG_COMPILER_GLOBAL_ACCENT_COLOR_NAME = AccentColor;
				CODE_SIGN_STYLE = Automatic;
				CURRENT_PROJECT_VERSION = 1;
				DEVELOPMENT_ASSET_PATHS = "\"VirtualHome/Preview Content\"";
				DEVELOPMENT_TEAM = 6UV938CGZH;
				ENABLE_PREVIEWS = YES;
				GENERATE_INFOPLIST_FILE = YES;
				INFOPLIST_FILE = VirtualHome/Info.plist;
				INFOPLIST_KEY_NSCameraUsageDescription = "To use AR, this app needs access to your camera.";
				INFOPLIST_KEY_NSPhotoLibraryUsageDescription = "";
				INFOPLIST_KEY_UIApplicationSceneManifest_Generation = YES;
				INFOPLIST_KEY_UIApplicationSupportsIndirectInputEvents = YES;
				INFOPLIST_KEY_UILaunchScreen_Generation = YES;
				INFOPLIST_KEY_UIRequiredDeviceCapabilities = arkit;
				INFOPLIST_KEY_UISupportedInterfaceOrientations = UIInterfaceOrientationPortrait;
				IPHONEOS_DEPLOYMENT_TARGET = 17.6;
				LD_RUNPATH_SEARCH_PATHS = (
					"$(inherited)",
					"@executable_path/Frameworks",
				);
				MARKETING_VERSION = 1.0;
				PRODUCT_BUNDLE_IDENTIFIER = ru.vasilev.VirtualHome;
				PRODUCT_NAME = "$(TARGET_NAME)";
				SWIFT_EMIT_LOC_STRINGS = YES;
				SWIFT_VERSION = 5.0;
				TARGETED_DEVICE_FAMILY = "1,2";
			};
			name = Release;
		};
		8416E90E2CBA7C7800738818 /* Debug */ = {
			isa = XCBuildConfiguration;
			buildSettings = {
				BUNDLE_LOADER = "$(TEST_HOST)";
				CODE_SIGN_STYLE = Automatic;
				CURRENT_PROJECT_VERSION = 1;
				DEVELOPMENT_TEAM = 6UV938CGZH;
				GENERATE_INFOPLIST_FILE = YES;
				IPHONEOS_DEPLOYMENT_TARGET = 18.0;
				MARKETING_VERSION = 1.0;
				PRODUCT_BUNDLE_IDENTIFIER = ru.vasilev.VirtualHomeTests;
				PRODUCT_NAME = "$(TARGET_NAME)";
				SWIFT_EMIT_LOC_STRINGS = NO;
				SWIFT_VERSION = 5.0;
				TARGETED_DEVICE_FAMILY = "1,2";
				TEST_HOST = "$(BUILT_PRODUCTS_DIR)/VirtualHome.app/$(BUNDLE_EXECUTABLE_FOLDER_PATH)/VirtualHome";
			};
			name = Debug;
		};
		8416E90F2CBA7C7800738818 /* Release */ = {
			isa = XCBuildConfiguration;
			buildSettings = {
				BUNDLE_LOADER = "$(TEST_HOST)";
				CODE_SIGN_STYLE = Automatic;
				CURRENT_PROJECT_VERSION = 1;
				DEVELOPMENT_TEAM = 6UV938CGZH;
				GENERATE_INFOPLIST_FILE = YES;
				IPHONEOS_DEPLOYMENT_TARGET = 18.0;
				MARKETING_VERSION = 1.0;
				PRODUCT_BUNDLE_IDENTIFIER = ru.vasilev.VirtualHomeTests;
				PRODUCT_NAME = "$(TARGET_NAME)";
				SWIFT_EMIT_LOC_STRINGS = NO;
				SWIFT_VERSION = 5.0;
				TARGETED_DEVICE_FAMILY = "1,2";
				TEST_HOST = "$(BUILT_PRODUCTS_DIR)/VirtualHome.app/$(BUNDLE_EXECUTABLE_FOLDER_PATH)/VirtualHome";
			};
			name = Release;
		};
		8416E9112CBA7C7800738818 /* Debug */ = {
			isa = XCBuildConfiguration;
			buildSettings = {
				CODE_SIGN_STYLE = Automatic;
				CURRENT_PROJECT_VERSION = 1;
				DEVELOPMENT_TEAM = 6UV938CGZH;
				GENERATE_INFOPLIST_FILE = YES;
				MARKETING_VERSION = 1.0;
				PRODUCT_BUNDLE_IDENTIFIER = ru.vasilev.VirtualHomeUITests;
				PRODUCT_NAME = "$(TARGET_NAME)";
				SWIFT_EMIT_LOC_STRINGS = NO;
				SWIFT_VERSION = 5.0;
				TARGETED_DEVICE_FAMILY = "1,2";
				TEST_TARGET_NAME = VirtualHome;
			};
			name = Debug;
		};
		8416E9122CBA7C7800738818 /* Release */ = {
			isa = XCBuildConfiguration;
			buildSettings = {
				CODE_SIGN_STYLE = Automatic;
				CURRENT_PROJECT_VERSION = 1;
				DEVELOPMENT_TEAM = 6UV938CGZH;
				GENERATE_INFOPLIST_FILE = YES;
				MARKETING_VERSION = 1.0;
				PRODUCT_BUNDLE_IDENTIFIER = ru.vasilev.VirtualHomeUITests;
				PRODUCT_NAME = "$(TARGET_NAME)";
				SWIFT_EMIT_LOC_STRINGS = NO;
				SWIFT_VERSION = 5.0;
				TARGETED_DEVICE_FAMILY = "1,2";
				TEST_TARGET_NAME = VirtualHome;
			};
			name = Release;
		};
/* End XCBuildConfiguration section */

/* Begin XCConfigurationList section */
		8416E8E12CBA7C7600738818 /* Build configuration list for PBXProject "VirtualHome" */ = {
			isa = XCConfigurationList;
			buildConfigurations = (
				8416E9082CBA7C7800738818 /* Debug */,
				8416E9092CBA7C7800738818 /* Release */,
			);
			defaultConfigurationIsVisible = 0;
			defaultConfigurationName = Release;
		};
		8416E90A2CBA7C7800738818 /* Build configuration list for PBXNativeTarget "VirtualHome" */ = {
			isa = XCConfigurationList;
			buildConfigurations = (
				8416E90B2CBA7C7800738818 /* Debug */,
				8416E90C2CBA7C7800738818 /* Release */,
			);
			defaultConfigurationIsVisible = 0;
			defaultConfigurationName = Release;
		};
		8416E90D2CBA7C7800738818 /* Build configuration list for PBXNativeTarget "VirtualHomeTests" */ = {
			isa = XCConfigurationList;
			buildConfigurations = (
				8416E90E2CBA7C7800738818 /* Debug */,
				8416E90F2CBA7C7800738818 /* Release */,
			);
			defaultConfigurationIsVisible = 0;
			defaultConfigurationName = Release;
		};
		8416E9102CBA7C7800738818 /* Build configuration list for PBXNativeTarget "VirtualHomeUITests" */ = {
			isa = XCConfigurationList;
			buildConfigurations = (
				8416E9112CBA7C7800738818 /* Debug */,
				8416E9122CBA7C7800738818 /* Release */,
			);
			defaultConfigurationIsVisible = 0;
			defaultConfigurationName = Release;
		};
/* End XCConfigurationList section */

/* Begin XCRemoteSwiftPackageReference section */
		84C594EB2CBAAA300041706D /* XCRemoteSwiftPackageReference "FocusEntity" */ = {
			isa = XCRemoteSwiftPackageReference;
			repositoryURL = "https://github.com/maxxfrazer/FocusEntity";
			requirement = {
				kind = upToNextMajorVersion;
				minimumVersion = 2.5.1;
			};
		};
/* End XCRemoteSwiftPackageReference section */

/* Begin XCSwiftPackageProductDependency section */
		84C594EC2CBAAA300041706D /* FocusEntity */ = {
			isa = XCSwiftPackageProductDependency;
			package = 84C594EB2CBAAA300041706D /* XCRemoteSwiftPackageReference "FocusEntity" */;
			productName = FocusEntity;
		};
/* End XCSwiftPackageProductDependency section */
	};
	rootObject = 8416E8DE2CBA7C7600738818 /* Project object */;
}
